// !$*UTF8*$!
{
	archiveVersion = 1;
	classes = {
	};
	objectVersion = 46;
	objects = {

/* Begin PBXBuildFile section */
		75CE26031CA5CFE80059CD60 /* AppDelegate.swift in Sources */ = {isa = PBXBuildFile; fileRef = 75CE26021CA5CFE80059CD60 /* AppDelegate.swift */; };
		75CE26051CA5CFE80059CD60 /* ViewController.swift in Sources */ = {isa = PBXBuildFile; fileRef = 75CE26041CA5CFE80059CD60 /* ViewController.swift */; };
		75CE26081CA5CFE90059CD60 /* Main.storyboard in Resources */ = {isa = PBXBuildFile; fileRef = 75CE26061CA5CFE90059CD60 /* Main.storyboard */; };
		75CE260A1CA5CFE90059CD60 /* Assets.xcassets in Resources */ = {isa = PBXBuildFile; fileRef = 75CE26091CA5CFE90059CD60 /* Assets.xcassets */; };
		75CE260D1CA5CFE90059CD60 /* LaunchScreen.storyboard in Resources */ = {isa = PBXBuildFile; fileRef = 75CE260B1CA5CFE90059CD60 /* LaunchScreen.storyboard */; };
/* End PBXBuildFile section */

/* Begin PBXFileReference section */
		75CE25FF1CA5CFE80059CD60 /* GitHubTest.app */ = {isa = PBXFileReference; explicitFileType = wrapper.application; includeInIndex = 0; path = GitHubTest.app; sourceTree = BUILT_PRODUCTS_DIR; };
		75CE26021CA5CFE80059CD60 /* AppDelegate.swift */ = {isa = PBXFileReference; lastKnownFileType = sourcecode.swift; path = AppDelegate.swift; sourceTree = "<group>"; };
		75CE26041CA5CFE80059CD60 /* ViewController.swift */ = {isa = PBXFileReference; lastKnownFileType = sourcecode.swift; path = ViewController.swift; sourceTree = "<group>"; };
		75CE26071CA5CFE90059CD60 /* Base */ = {isa = PBXFileReference; lastKnownFileType = file.storyboard; name = Base; path = Base.lproj/Main.storyboard; sourceTree = "<group>"; };
		75CE26091CA5CFE90059CD60 /* Assets.xcassets */ = {isa = PBXFileReference; lastKnownFileType = folder.assetcatalog; path = Assets.xcassets; sourceTree = "<group>"; };
		75CE260C1CA5CFE90059CD60 /* Base */ = {isa = PBXFileReference; lastKnownFileType = file.storyboard; name = Base; path = Base.lproj/LaunchScreen.storyboard; sourceTree = "<group>"; };
		75CE260E1CA5CFE90059CD60 /* Info.plist */ = {isa = PBXFileReference; lastKnownFileType = text.plist.xml; path = Info.plist; sourceTree = "<group>"; };
/* End PBXFileReference section */

/* Begin PBXFrameworksBuildPhase section */
		75CE25FC1CA5CFE80059CD60 /* Frameworks */ = {
			isa = PBXFrameworksBuildPhase;
			buildActionMask = 2147483647;
			files = (
			);
			runOnlyForDeploymentPostprocessing = 0;
		};
/* End PBXFrameworksBuildPhase section */

/* Begin PBXGroup section */
		75CE25F61CA5CFE80059CD60 = {
			isa = PBXGroup;
			children = (
				75CE26011CA5CFE80059CD60 /* GitHubTest */,
				75CE26001CA5CFE80059CD60 /* Products */,
			);
			sourceTree = "<group>";
		};
		75CE26001CA5CFE80059CD60 /* Products */ = {
			isa = PBXGroup;
			children = (
				75CE25FF1CA5CFE80059CD60 /* GitHubTest.app */,
			);
			name = Products;
			sourceTree = "<group>";
		};
		75CE26011CA5CFE80059CD60 /* GitHubTest */ = {
			isa = PBXGroup;
			children = (
				75CE26021CA5CFE80059CD60 /* AppDelegate.swift */,
				75CE26041CA5CFE80059CD60 /* ViewController.swift */,
				75CE26061CA5CFE90059CD60 /* Main.storyboard */,
				75CE26091CA5CFE90059CD60 /* Assets.xcassets */,
				75CE260B1CA5CFE90059CD60 /* LaunchScreen.storyboard */,
				75CE260E1CA5CFE90059CD60 /* Info.plist */,
			);
			path = GitHubTest;
			sourceTree = "<group>";
		};
/* End PBXGroup section */

/* Begin PBXNativeTarget section */
		75CE25FE1CA5CFE80059CD60 /* GitHubTest */ = {
			isa = PBXNativeTarget;
			buildConfigurationList = 75CE26111CA5CFE90059CD60 /* Build configuration list for PBXNativeTarget "GitHubTest" */;
			buildPhases = (
				75CE25FB1CA5CFE80059CD60 /* Sources */,
				75CE25FC1CA5CFE80059CD60 /* Frameworks */,
				75CE25FD1CA5CFE80059CD60 /* Resources */,
			);
			buildRules = (
			);
			dependencies = (
			);
			name = GitHubTest;
			productName = GitHubTest;
			productReference = 75CE25FF1CA5CFE80059CD60 /* GitHubTest.app */;
			productType = "com.apple.product-type.application";
		};
/* End PBXNativeTarget section */

/* Begin PBXProject section */
		75CE25F71CA5CFE80059CD60 /* Project object */ = {
			isa = PBXProject;
			attributes = {
				LastSwiftUpdateCheck = 0730;
				LastUpgradeCheck = 0730;
				ORGANIZATIONNAME = "Evgeny Mitko";
				TargetAttributes = {
					75CE25FE1CA5CFE80059CD60 = {
						CreatedOnToolsVersion = 7.3;
					};
				};
			};
			buildConfigurationList = 75CE25FA1CA5CFE80059CD60 /* Build configuration list for PBXProject "GitHubTest" */;
			compatibilityVersion = "Xcode 3.2";
			developmentRegion = English;
			hasScannedForEncodings = 0;
			knownRegions = (
				en,
				Base,
			);
			mainGroup = 75CE25F61CA5CFE80059CD60;
			productRefGroup = 75CE26001CA5CFE80059CD60 /* Products */;
			projectDirPath = "";
			projectRoot = "";
			targets = (
				75CE25FE1CA5CFE80059CD60 /* GitHubTest */,
			);
		};
/* End PBXProject section */

/* Begin PBXResourcesBuildPhase section */
		75CE25FD1CA5CFE80059CD60 /* Resources */ = {
			isa = PBXResourcesBuildPhase;
			buildActionMask = 2147483647;
			files = (
				75CE260D1CA5CFE90059CD60 /* LaunchScreen.storyboard in Resources */,
				75CE260A1CA5CFE90059CD60 /* Assets.xcassets in Resources */,
				75CE26081CA5CFE90059CD60 /* Main.storyboard in Resources */,
			);
			runOnlyForDeploymentPostprocessing = 0;
		};
/* End PBXResourcesBuildPhase section */

/* Begin PBXSourcesBuildPhase section */
		75CE25FB1CA5CFE80059CD60 /* Sources */ = {
			isa = PBXSourcesBuildPhase;
			buildActionMask = 2147483647;
			files = (
				75CE26051CA5CFE80059CD60 /* ViewController.swift in Sources */,
				75CE26031CA5CFE80059CD60 /* AppDelegate.swift in Sources */,
			);
			runOnlyForDeploymentPostprocessing = 0;
		};
/* End PBXSourcesBuildPhase section */

/* Begin PBXVariantGroup section */
		75CE26061CA5CFE90059CD60 /* Main.storyboard */ = {
			isa = PBXVariantGroup;
			children = (
				75CE26071CA5CFE90059CD60 /* Base */,
			);
			name = Main.storyboard;
			sourceTree = "<group>";
		};
		75CE260B1CA5CFE90059CD60 /* LaunchScreen.storyboard */ = {
			isa = PBXVariantGroup;
			children = (
				75CE260C1CA5CFE90059CD60 /* Base */,
			);
			name = LaunchScreen.storyboard;
			sourceTree = "<group>";
		};
/* End PBXVariantGroup section */

/* Begin XCBuildConfiguration section */
		75CE260F1CA5CFE90059CD60 /* Debug */ = {
			isa = XCBuildConfiguration;
			buildSettings = {
				ALWAYS_SEARCH_USER_PATHS = NO;
				CLANG_ANALYZER_NONNULL = YES;
				CLANG_CXX_LANGUAGE_STANDARD = "gnu++0x";
				CLANG_CXX_LIBRARY = "libc++";
				CLANG_ENABLE_MODULES = YES;
				CLANG_ENABLE_OBJC_ARC = YES;
				CLANG_WARN_BOOL_CONVERSION = YES;
				CLANG_WARN_CONSTANT_CONVERSION = YES;
				CLANG_WARN_DIRECT_OBJC_ISA_USAGE = YES_ERROR;
				CLANG_WARN_EMPTY_BODY = YES;
				CLANG_WARN_ENUM_CONVERSION = YES;
				CLANG_WARN_INT_CONVERSION = YES;
				CLANG_WARN_OBJC_ROOT_CLASS = YES_ERROR;
				CLANG_WARN_UNREACHABLE_CODE = YES;
				CLANG_WARN__DUPLICATE_METHOD_MATCH = YES;
				"CODE_SIGN_IDENTITY[sdk=iphoneos*]" = "iPhone Developer";
				COPY_PHASE_STRIP = NO;
				DEBUG_INFORMATION_FORMAT = dwarf;
				ENABLE_STRICT_OBJC_MSGSEND = YES;
				ENABLE_TESTABILITY = YES;
				GCC_C_LANGUAGE_STANDARD = gnu99;
				GCC_DYNAMIC_NO_PIC = NO;
				GCC_NO_COMMON_BLOCKS = YES;
				GCC_OPTIMIZATION_LEVEL = 0;
				GCC_PREPROCESSOR_DEFINITIONS = (
					"DEBUG=1",
					"$(inherited)",
				);
				GCC_WARN_64_TO_32_BIT_CONVERSION = YES;
				GCC_WARN_ABOUT_RETURN_TYPE = YES_ERROR;
				GCC_WARN_UNDECLARED_SELECTOR = YES;
				GCC_WARN_UNINITIALIZED_AUTOS = YES_AGGRESSIVE;
				GCC_WARN_UNUSED_FUNCTION = YES;
				GCC_WARN_UNUSED_VARIABLE = YES;
				IPHONEOS_DEPLOYMENT_TARGET = 9.3;
				MTL_ENABLE_DEBUG_INFO = YES;
				ONLY_ACTIVE_ARCH = YES;
				SDKROOT = iphoneos;
				SWIFT_OPTIMIZATION_LEVEL = "-Onone";
			};
			name = Debug;
		};
		75CE26101CA5CFE90059CD60 /* Release */ = {
			isa = XCBuildConfiguration;
			buildSettings = {
				ALWAYS_SEARCH_USER_PATHS = NO;
				CLANG_ANALYZER_NONNULL = YES;
				CLANG_CXX_LANGUAGE_STANDARD = "gnu++0x";
				CLANG_CXX_LIBRARY = "libc++";
				CLANG_ENABLE_MODULES = YES;
				CLANG_ENABLE_OBJC_ARC = YES;
				CLANG_WARN_BOOL_CONVERSION = YES;
				CLANG_WARN_CONSTANT_CONVERSION = YES;
				CLANG_WARN_DIRECT_OBJC_ISA_USAGE = YES_ERROR;
				CLANG_WARN_EMPTY_BODY = YES;
				CLANG_WARN_ENUM_CONVERSION = YES;
				CLANG_WARN_INT_CONVERSION = YES;
				CLANG_WARN_OBJC_ROOT_CLASS = YES_ERROR;
				CLANG_WARN_UNREACHABLE_CODE = YES;
				CLANG_WARN__DUPLICATE_METHOD_MATCH = YES;
				"CODE_SIGN_IDENTITY[sdk=iphoneos*]" = "iPhone Developer";
				COPY_PHASE_STRIP = NO;
				DEBUG_INFORMATION_FORMAT = "dwarf-with-dsym";
				ENABLE_NS_ASSERTIONS = NO;
				ENABLE_STRICT_OBJC_MSGSEND = YES;
				GCC_C_LANGUAGE_STANDARD = gnu99;
				GCC_NO_COMMON_BLOCKS = YES;
				GCC_WARN_64_TO_32_BIT_CONVERSION = YES;
				GCC_WARN_ABOUT_RETURN_TYPE = YES_ERROR;
				GCC_WARN_UNDECLARED_SELECTOR = YES;
				GCC_WARN_UNINITIALIZED_AUTOS = YES_AGGRESSIVE;
				GCC_WARN_UNUSED_FUNCTION = YES;
				GCC_WARN_UNUSED_VARIABLE = YES;
				IPHONEOS_DEPLOYMENT_TARGET = 9.3;
				MTL_ENABLE_DEBUG_INFO = NO;
				SDKROOT = iphoneos;
				VALIDATE_PRODUCT = YES;
			};
			name = Release;
		};
		75CE26121CA5CFE90059CD60 /* Debug */ = {
			isa = XCBuildConfiguration;
			buildSettings = {
				ASSETCATALOG_COMPILER_APPICON_NAME = AppIcon;
				INFOPLIST_FILE = GitHubTest/Info.plist;
				LD_RUNPATH_SEARCH_PATHS = "$(inherited) @executable_path/Frameworks";
				PRODUCT_BUNDLE_IDENTIFIER = ru.evgenymitko.GitHubTest;
				PRODUCT_NAME = "$(TARGET_NAME)";
			};
			name = Debug;
		};
		75CE26131CA5CFE90059CD60 /* Release */ = {
			isa = XCBuildConfiguration;
			buildSettings = {
				ASSETCATALOG_COMPILER_APPICON_NAME = AppIcon;
				INFOPLIST_FILE = GitHubTest/Info.plist;
				LD_RUNPATH_SEARCH_PATHS = "$(inherited) @executable_path/Frameworks";
				PRODUCT_BUNDLE_IDENTIFIER = ru.evgenymitko.GitHubTest;
				PRODUCT_NAME = "$(TARGET_NAME)";
			};
			name = Release;
		};
/* End XCBuildConfiguration section */

/* Begin XCConfigurationList section */
		75CE25FA1CA5CFE80059CD60 /* Build configuration list for PBXProject "GitHubTest" */ = {
			isa = XCConfigurationList;
			buildConfigurations = (
				75CE260F1CA5CFE90059CD60 /* Debug */,
				75CE26101CA5CFE90059CD60 /* Release */,
			);
			defaultConfigurationIsVisible = 0;
			defaultConfigurationName = Release;
		};
		75CE26111CA5CFE90059CD60 /* Build configuration list for PBXNativeTarget "GitHubTest" */ = {
			isa = XCConfigurationList;
			buildConfigurations = (
				75CE26121CA5CFE90059CD60 /* Debug */,
				75CE26131CA5CFE90059CD60 /* Release */,
			);
			defaultConfigurationIsVisible = 0;
		};
/* End XCConfigurationList section */
	};
	rootObject = 75CE25F71CA5CFE80059CD60 /* Project object */;
}
